
Microsoft Visual Studio Solution File, Format Version 12.00
# Visual Studio Version 17
VisualStudioVersion = 17.3.32922.545
MinimumVisualStudioVersion = 10.0.40219.1
Project("{FAE04EC0-301F-11D3-BF4B-00C04F79EFBC}") = "15.1", "15.1.csproj", "{F8A50366-1D1E-4AC2-9021-189973A24602}"
EndProject
Global
	GlobalSection(SolutionConfigurationPlatforms) = preSolution
		Debug|Any CPU = Debug|Any CPU
		Release|Any CPU = Release|Any CPU
	EndGlobalSection
	GlobalSection(ProjectConfigurationPlatforms) = postSolution
		{F8A50366-1D1E-4AC2-9021-189973A24602}.Debug|Any CPU.ActiveCfg = Debug|Any CPU
		{F8A50366-1D1E-4AC2-9021-189973A24602}.Debug|Any CPU.Build.0 = Debug|Any CPU
		{F8A50366-1D1E-4AC2-9021-189973A24602}.Release|Any CPU.ActiveCfg = Release|Any CPU
		{F8A50366-1D1E-4AC2-9021-189973A24602}.Release|Any CPU.Build.0 = Release|Any CPU
	EndGlobalSection
	GlobalSection(SolutionProperties) = preSolution
		HideSolutionNode = FALSE
	EndGlobalSection
	GlobalSection(ExtensibilityGlobals) = postSolution
		SolutionGuid = {278E1C01-3352-4116-8502-10983F0599C0}
	EndGlobalSection
EndGlobal
